PODS:
  - Alamofire (4.8.0)
  - Kingfisher (5.0.1)
  - MJRefresh (3.1.15.7)

DEPENDENCIES:
  - Alamofire
  - Kingfisher
  - MJRefresh

SPEC REPOS:
  https://github.com/CocoaPods/Specs.git:
    - Alamofire
    - Kingfisher
    - MJRefresh

SPEC CHECKSUMS:
  Alamofire: 3ec537f71edc9804815215393ae2b1a8ea33a844
  Kingfisher: 4f771421b9208185217550528a06fd48756cb7c2
  MJRefresh: 697f8ec75ebdbe9207767bb682cf0f51b0d8a41f

PODFILE CHECKSUM: 8b0aa06e203403bd105f7d683972750e122891d3

COCOAPODS: 1.9.1
